// !$*UTF8*$!
{
	archiveVersion = 1;
	classes = {
	};
	objectVersion = 56;
	objects = {

/* Begin PBXBuildFile section */
		664274042C603FE500035869 /* HabbitTrackerApp.swift in Sources */ = {isa = PBXBuildFile; fileRef = 664274032C603FE500035869 /* HabbitTrackerApp.swift */; };
		664274062C603FE500035869 /* ContentView.swift in Sources */ = {isa = PBXBuildFile; fileRef = 664274052C603FE500035869 /* ContentView.swift */; };
		664274082C603FE700035869 /* Assets.xcassets in Resources */ = {isa = PBXBuildFile; fileRef = 664274072C603FE700035869 /* Assets.xcassets */; };
		6642740B2C603FE700035869 /* Preview Assets.xcassets in Resources */ = {isa = PBXBuildFile; fileRef = 6642740A2C603FE700035869 /* Preview Assets.xcassets */; };
		664274122C60409900035869 /* Theme - Color.swift in Sources */ = {isa = PBXBuildFile; fileRef = 664274112C60409900035869 /* Theme - Color.swift */; };
		664274142C60417400035869 /* HomeListView.swift in Sources */ = {isa = PBXBuildFile; fileRef = 664274132C60417400035869 /* HomeListView.swift */; };
		664274162C60445800035869 /* HabitData.swift in Sources */ = {isa = PBXBuildFile; fileRef = 664274152C60445800035869 /* HabitData.swift */; };
		664274182C60505C00035869 /* NewHabit.swift in Sources */ = {isa = PBXBuildFile; fileRef = 664274172C60505B00035869 /* NewHabit.swift */; };
		6642741A2C605FD700035869 /* HabitDetail.swift in Sources */ = {isa = PBXBuildFile; fileRef = 664274192C605FD700035869 /* HabitDetail.swift */; };
		6642741C2C6072E400035869 /* CustomAlerts.swift in Sources */ = {isa = PBXBuildFile; fileRef = 6642741B2C6072E400035869 /* CustomAlerts.swift */; };
/* End PBXBuildFile section */

/* Begin PBXFileReference section */
		664274002C603FE500035869 /* HabbitTracker.app */ = {isa = PBXFileReference; explicitFileType = wrapper.application; includeInIndex = 0; path = HabbitTracker.app; sourceTree = BUILT_PRODUCTS_DIR; };
		664274032C603FE500035869 /* HabbitTrackerApp.swift */ = {isa = PBXFileReference; lastKnownFileType = sourcecode.swift; path = HabbitTrackerApp.swift; sourceTree = "<group>"; };
		664274052C603FE500035869 /* ContentView.swift */ = {isa = PBXFileReference; lastKnownFileType = sourcecode.swift; path = ContentView.swift; sourceTree = "<group>"; };
		664274072C603FE700035869 /* Assets.xcassets */ = {isa = PBXFileReference; lastKnownFileType = folder.assetcatalog; path = Assets.xcassets; sourceTree = "<group>"; };
		6642740A2C603FE700035869 /* Preview Assets.xcassets */ = {isa = PBXFileReference; lastKnownFileType = folder.assetcatalog; path = "Preview Assets.xcassets"; sourceTree = "<group>"; };
		664274112C60409900035869 /* Theme - Color.swift */ = {isa = PBXFileReference; lastKnownFileType = sourcecode.swift; path = "Theme - Color.swift"; sourceTree = "<group>"; };
		664274132C60417400035869 /* HomeListView.swift */ = {isa = PBXFileReference; lastKnownFileType = sourcecode.swift; path = HomeListView.swift; sourceTree = "<group>"; };
		664274152C60445800035869 /* HabitData.swift */ = {isa = PBXFileReference; lastKnownFileType = sourcecode.swift; path = HabitData.swift; sourceTree = "<group>"; };
		664274172C60505B00035869 /* NewHabit.swift */ = {isa = PBXFileReference; lastKnownFileType = sourcecode.swift; path = NewHabit.swift; sourceTree = "<group>"; };
		664274192C605FD700035869 /* HabitDetail.swift */ = {isa = PBXFileReference; lastKnownFileType = sourcecode.swift; path = HabitDetail.swift; sourceTree = "<group>"; };
		6642741B2C6072E400035869 /* CustomAlerts.swift */ = {isa = PBXFileReference; lastKnownFileType = sourcecode.swift; path = CustomAlerts.swift; sourceTree = "<group>"; };
/* End PBXFileReference section */

/* Begin PBXFrameworksBuildPhase section */
		664273FD2C603FE500035869 /* Frameworks */ = {
			isa = PBXFrameworksBuildPhase;
			buildActionMask = 2147483647;
			files = (
			);
			runOnlyForDeploymentPostprocessing = 0;
		};
/* End PBXFrameworksBuildPhase section */

/* Begin PBXGroup section */
		664273F72C603FE500035869 = {
			isa = PBXGroup;
			children = (
				664274022C603FE500035869 /* HabbitTracker */,
				664274012C603FE500035869 /* Products */,
			);
			sourceTree = "<group>";
		};
		664274012C603FE500035869 /* Products */ = {
			isa = PBXGroup;
			children = (
				664274002C603FE500035869 /* HabbitTracker.app */,
			);
			name = Products;
			sourceTree = "<group>";
		};
		664274022C603FE500035869 /* HabbitTracker */ = {
			isa = PBXGroup;
			children = (
				664274032C603FE500035869 /* HabbitTrackerApp.swift */,
				664274052C603FE500035869 /* ContentView.swift */,
				664274192C605FD700035869 /* HabitDetail.swift */,
				6642741B2C6072E400035869 /* CustomAlerts.swift */,
				664274172C60505B00035869 /* NewHabit.swift */,
				664274132C60417400035869 /* HomeListView.swift */,
				664274152C60445800035869 /* HabitData.swift */,
				664274112C60409900035869 /* Theme - Color.swift */,
				664274072C603FE700035869 /* Assets.xcassets */,
				664274092C603FE700035869 /* Preview Content */,
			);
			path = HabbitTracker;
			sourceTree = "<group>";
		};
		664274092C603FE700035869 /* Preview Content */ = {
			isa = PBXGroup;
			children = (
				6642740A2C603FE700035869 /* Preview Assets.xcassets */,
			);
			path = "Preview Content";
			sourceTree = "<group>";
		};
/* End PBXGroup section */

/* Begin PBXNativeTarget section */
		664273FF2C603FE500035869 /* HabbitTracker */ = {
			isa = PBXNativeTarget;
			buildConfigurationList = 6642740E2C603FE700035869 /* Build configuration list for PBXNativeTarget "HabbitTracker" */;
			buildPhases = (
				664273FC2C603FE500035869 /* Sources */,
				664273FD2C603FE500035869 /* Frameworks */,
				664273FE2C603FE500035869 /* Resources */,
			);
			buildRules = (
			);
			dependencies = (
			);
			name = HabbitTracker;
			productName = HabbitTracker;
			productReference = 664274002C603FE500035869 /* HabbitTracker.app */;
			productType = "com.apple.product-type.application";
		};
/* End PBXNativeTarget section */

/* Begin PBXProject section */
		664273F82C603FE500035869 /* Project object */ = {
			isa = PBXProject;
			attributes = {
				BuildIndependentTargetsInParallel = 1;
				LastSwiftUpdateCheck = 1540;
				LastUpgradeCheck = 1540;
				TargetAttributes = {
					664273FF2C603FE500035869 = {
						CreatedOnToolsVersion = 15.4;
					};
				};
			};
			buildConfigurationList = 664273FB2C603FE500035869 /* Build configuration list for PBXProject "HabbitTracker" */;
			compatibilityVersion = "Xcode 14.0";
			developmentRegion = en;
			hasScannedForEncodings = 0;
			knownRegions = (
				en,
				Base,
			);
			mainGroup = 664273F72C603FE500035869;
			productRefGroup = 664274012C603FE500035869 /* Products */;
			projectDirPath = "";
			projectRoot = "";
			targets = (
				664273FF2C603FE500035869 /* HabbitTracker */,
			);
		};
/* End PBXProject section */

/* Begin PBXResourcesBuildPhase section */
		664273FE2C603FE500035869 /* Resources */ = {
			isa = PBXResourcesBuildPhase;
			buildActionMask = 2147483647;
			files = (
				6642740B2C603FE700035869 /* Preview Assets.xcassets in Resources */,
				664274082C603FE700035869 /* Assets.xcassets in Resources */,
			);
			runOnlyForDeploymentPostprocessing = 0;
		};
/* End PBXResourcesBuildPhase section */

/* Begin PBXSourcesBuildPhase section */
		664273FC2C603FE500035869 /* Sources */ = {
			isa = PBXSourcesBuildPhase;
			buildActionMask = 2147483647;
			files = (
				664274062C603FE500035869 /* ContentView.swift in Sources */,
				664274142C60417400035869 /* HomeListView.swift in Sources */,
				664274162C60445800035869 /* HabitData.swift in Sources */,
				6642741C2C6072E400035869 /* CustomAlerts.swift in Sources */,
				6642741A2C605FD700035869 /* HabitDetail.swift in Sources */,
				664274182C60505C00035869 /* NewHabit.swift in Sources */,
				664274122C60409900035869 /* Theme - Color.swift in Sources */,
				664274042C603FE500035869 /* HabbitTrackerApp.swift in Sources */,
			);
			runOnlyForDeploymentPostprocessing = 0;
		};
/* End PBXSourcesBuildPhase section */

/* Begin XCBuildConfiguration section */
		6642740C2C603FE700035869 /* Debug */ = {
			isa = XCBuildConfiguration;
			buildSettings = {
				ALWAYS_SEARCH_USER_PATHS = NO;
				ASSETCATALOG_COMPILER_GENERATE_SWIFT_ASSET_SYMBOL_EXTENSIONS = YES;
				CLANG_ANALYZER_NONNULL = YES;
				CLANG_ANALYZER_NUMBER_OBJECT_CONVERSION = YES_AGGRESSIVE;
				CLANG_CXX_LANGUAGE_STANDARD = "gnu++20";
				CLANG_ENABLE_MODULES = YES;
				CLANG_ENABLE_OBJC_ARC = YES;
				CLANG_ENABLE_OBJC_WEAK = YES;
				CLANG_WARN_BLOCK_CAPTURE_AUTORELEASING = YES;
				CLANG_WARN_BOOL_CONVERSION = YES;
				CLANG_WARN_COMMA = YES;
				CLANG_WARN_CONSTANT_CONVERSION = YES;
				CLANG_WARN_DEPRECATED_OBJC_IMPLEMENTATIONS = YES;
				CLANG_WARN_DIRECT_OBJC_ISA_USAGE = YES_ERROR;
				CLANG_WARN_DOCUMENTATION_COMMENTS = YES;
				CLANG_WARN_EMPTY_BODY = YES;
				CLANG_WARN_ENUM_CONVERSION = YES;
				CLANG_WARN_INFINITE_RECURSION = YES;
				CLANG_WARN_INT_CONVERSION = YES;
				CLANG_WARN_NON_LITERAL_NULL_CONVERSION = YES;
				CLANG_WARN_OBJC_IMPLICIT_RETAIN_SELF = YES;
				CLANG_WARN_OBJC_LITERAL_CONVERSION = YES;
				CLANG_WARN_OBJC_ROOT_CLASS = YES_ERROR;
				CLANG_WARN_QUOTED_INCLUDE_IN_FRAMEWORK_HEADER = YES;
				CLANG_WARN_RANGE_LOOP_ANALYSIS = YES;
				CLANG_WARN_STRICT_PROTOTYPES = YES;
				CLANG_WARN_SUSPICIOUS_MOVE = YES;
				CLANG_WARN_UNGUARDED_AVAILABILITY = YES_AGGRESSIVE;
				CLANG_WARN_UNREACHABLE_CODE = YES;
				CLANG_WARN__DUPLICATE_METHOD_MATCH = YES;
				COPY_PHASE_STRIP = NO;
				DEBUG_INFORMATION_FORMAT = dwarf;
				ENABLE_STRICT_OBJC_MSGSEND = YES;
				ENABLE_TESTABILITY = YES;
				ENABLE_USER_SCRIPT_SANDBOXING = YES;
				GCC_C_LANGUAGE_STANDARD = gnu17;
				GCC_DYNAMIC_NO_PIC = NO;
				GCC_NO_COMMON_BLOCKS = YES;
				GCC_OPTIMIZATION_LEVEL = 0;
				GCC_PREPROCESSOR_DEFINITIONS = (
					"DEBUG=1",
					"$(inherited)",
				);
				GCC_WARN_64_TO_32_BIT_CONVERSION = YES;
				GCC_WARN_ABOUT_RETURN_TYPE = YES_ERROR;
				GCC_WARN_UNDECLARED_SELECTOR = YES;
				GCC_WARN_UNINITIALIZED_AUTOS = YES_AGGRESSIVE;
				GCC_WARN_UNUSED_FUNCTION = YES;
				GCC_WARN_UNUSED_VARIABLE = YES;
				IPHONEOS_DEPLOYMENT_TARGET = 17.5;
				LOCALIZATION_PREFERS_STRING_CATALOGS = YES;
				MTL_ENABLE_DEBUG_INFO = INCLUDE_SOURCE;
				MTL_FAST_MATH = YES;
				ONLY_ACTIVE_ARCH = YES;
				SDKROOT = iphoneos;
				SWIFT_ACTIVE_COMPILATION_CONDITIONS = "DEBUG $(inherited)";
				SWIFT_OPTIMIZATION_LEVEL = "-Onone";
			};
			name = Debug;
		};
		6642740D2C603FE700035869 /* Release */ = {
			isa = XCBuildConfiguration;
			buildSettings = {
				ALWAYS_SEARCH_USER_PATHS = NO;
				ASSETCATALOG_COMPILER_GENERATE_SWIFT_ASSET_SYMBOL_EXTENSIONS = YES;
				CLANG_ANALYZER_NONNULL = YES;
				CLANG_ANALYZER_NUMBER_OBJECT_CONVERSION = YES_AGGRESSIVE;
				CLANG_CXX_LANGUAGE_STANDARD = "gnu++20";
				CLANG_ENABLE_MODULES = YES;
				CLANG_ENABLE_OBJC_ARC = YES;
				CLANG_ENABLE_OBJC_WEAK = YES;
				CLANG_WARN_BLOCK_CAPTURE_AUTORELEASING = YES;
				CLANG_WARN_BOOL_CONVERSION = YES;
				CLANG_WARN_COMMA = YES;
				CLANG_WARN_CONSTANT_CONVERSION = YES;
				CLANG_WARN_DEPRECATED_OBJC_IMPLEMENTATIONS = YES;
				CLANG_WARN_DIRECT_OBJC_ISA_USAGE = YES_ERROR;
				CLANG_WARN_DOCUMENTATION_COMMENTS = YES;
				CLANG_WARN_EMPTY_BODY = YES;
				CLANG_WARN_ENUM_CONVERSION = YES;
				CLANG_WARN_INFINITE_RECURSION = YES;
				CLANG_WARN_INT_CONVERSION = YES;
				CLANG_WARN_NON_LITERAL_NULL_CONVERSION = YES;
				CLANG_WARN_OBJC_IMPLICIT_RETAIN_SELF = YES;
				CLANG_WARN_OBJC_LITERAL_CONVERSION = YES;
				CLANG_WARN_OBJC_ROOT_CLASS = YES_ERROR;
				CLANG_WARN_QUOTED_INCLUDE_IN_FRAMEWORK_HEADER = YES;
				CLANG_WARN_RANGE_LOOP_ANALYSIS = YES;
				CLANG_WARN_STRICT_PROTOTYPES = YES;
				CLANG_WARN_SUSPICIOUS_MOVE = YES;
				CLANG_WARN_UNGUARDED_AVAILABILITY = YES_AGGRESSIVE;
				CLANG_WARN_UNREACHABLE_CODE = YES;
				CLANG_WARN__DUPLICATE_METHOD_MATCH = YES;
				COPY_PHASE_STRIP = NO;
				DEBUG_INFORMATION_FORMAT = "dwarf-with-dsym";
				ENABLE_NS_ASSERTIONS = NO;
				ENABLE_STRICT_OBJC_MSGSEND = YES;
				ENABLE_USER_SCRIPT_SANDBOXING = YES;
				GCC_C_LANGUAGE_STANDARD = gnu17;
				GCC_NO_COMMON_BLOCKS = YES;
				GCC_WARN_64_TO_32_BIT_CONVERSION = YES;
				GCC_WARN_ABOUT_RETURN_TYPE = YES_ERROR;
				GCC_WARN_UNDECLARED_SELECTOR = YES;
				GCC_WARN_UNINITIALIZED_AUTOS = YES_AGGRESSIVE;
				GCC_WARN_UNUSED_FUNCTION = YES;
				GCC_WARN_UNUSED_VARIABLE = YES;
				IPHONEOS_DEPLOYMENT_TARGET = 17.5;
				LOCALIZATION_PREFERS_STRING_CATALOGS = YES;
				MTL_ENABLE_DEBUG_INFO = NO;
				MTL_FAST_MATH = YES;
				SDKROOT = iphoneos;
				SWIFT_COMPILATION_MODE = wholemodule;
				VALIDATE_PRODUCT = YES;
			};
			name = Release;
		};
		6642740F2C603FE700035869 /* Debug */ = {
			isa = XCBuildConfiguration;
			buildSettings = {
				ASSETCATALOG_COMPILER_APPICON_NAME = AppIcon;
				ASSETCATALOG_COMPILER_GLOBAL_ACCENT_COLOR_NAME = AccentColor;
				CODE_SIGN_STYLE = Automatic;
				CURRENT_PROJECT_VERSION = 1;
				DEVELOPMENT_ASSET_PATHS = "\"HabbitTracker/Preview Content\"";
				DEVELOPMENT_TEAM = LCB8NQV3VV;
				ENABLE_PREVIEWS = YES;
				GENERATE_INFOPLIST_FILE = YES;
				INFOPLIST_KEY_UIApplicationSceneManifest_Generation = YES;
				INFOPLIST_KEY_UIApplicationSupportsIndirectInputEvents = YES;
				INFOPLIST_KEY_UILaunchScreen_Generation = YES;
				INFOPLIST_KEY_UISupportedInterfaceOrientations_iPad = "UIInterfaceOrientationPortrait UIInterfaceOrientationPortraitUpsideDown UIInterfaceOrientationLandscapeLeft UIInterfaceOrientationLandscapeRight";
				INFOPLIST_KEY_UISupportedInterfaceOrientations_iPhone = "UIInterfaceOrientationPortrait UIInterfaceOrientationLandscapeLeft UIInterfaceOrientationLandscapeRight";
				LD_RUNPATH_SEARCH_PATHS = (
					"$(inherited)",
					"@executable_path/Frameworks",
				);
				MARKETING_VERSION = 1.0;
				PRODUCT_BUNDLE_IDENTIFIER = sayerft.HabbitTracker;
				PRODUCT_NAME = "$(TARGET_NAME)";
				SWIFT_EMIT_LOC_STRINGS = YES;
				SWIFT_VERSION = 5.0;
				TARGETED_DEVICE_FAMILY = "1,2";
			};
			name = Debug;
		};
		664274102C603FE700035869 /* Release */ = {
			isa = XCBuildConfiguration;
			buildSettings = {
				ASSETCATALOG_COMPILER_APPICON_NAME = AppIcon;
				ASSETCATALOG_COMPILER_GLOBAL_ACCENT_COLOR_NAME = AccentColor;
				CODE_SIGN_STYLE = Automatic;
				CURRENT_PROJECT_VERSION = 1;
				DEVELOPMENT_ASSET_PATHS = "\"HabbitTracker/Preview Content\"";
				DEVELOPMENT_TEAM = LCB8NQV3VV;
				ENABLE_PREVIEWS = YES;
				GENERATE_INFOPLIST_FILE = YES;
				INFOPLIST_KEY_UIApplicationSceneManifest_Generation = YES;
				INFOPLIST_KEY_UIApplicationSupportsIndirectInputEvents = YES;
				INFOPLIST_KEY_UILaunchScreen_Generation = YES;
				INFOPLIST_KEY_UISupportedInterfaceOrientations_iPad = "UIInterfaceOrientationPortrait UIInterfaceOrientationPortraitUpsideDown UIInterfaceOrientationLandscapeLeft UIInterfaceOrientationLandscapeRight";
				INFOPLIST_KEY_UISupportedInterfaceOrientations_iPhone = "UIInterfaceOrientationPortrait UIInterfaceOrientationLandscapeLeft UIInterfaceOrientationLandscapeRight";
				LD_RUNPATH_SEARCH_PATHS = (
					"$(inherited)",
					"@executable_path/Frameworks",
				);
				MARKETING_VERSION = 1.0;
				PRODUCT_BUNDLE_IDENTIFIER = sayerft.HabbitTracker;
				PRODUCT_NAME = "$(TARGET_NAME)";
				SWIFT_EMIT_LOC_STRINGS = YES;
				SWIFT_VERSION = 5.0;
				TARGETED_DEVICE_FAMILY = "1,2";
			};
			name = Release;
		};
/* End XCBuildConfiguration section */

/* Begin XCConfigurationList section */
		664273FB2C603FE500035869 /* Build configuration list for PBXProject "HabbitTracker" */ = {
			isa = XCConfigurationList;
			buildConfigurations = (
				6642740C2C603FE700035869 /* Debug */,
				6642740D2C603FE700035869 /* Release */,
			);
			defaultConfigurationIsVisible = 0;
			defaultConfigurationName = Release;
		};
		6642740E2C603FE700035869 /* Build configuration list for PBXNativeTarget "HabbitTracker" */ = {
			isa = XCConfigurationList;
			buildConfigurations = (
				6642740F2C603FE700035869 /* Debug */,
				664274102C603FE700035869 /* Release */,
			);
			defaultConfigurationIsVisible = 0;
			defaultConfigurationName = Release;
		};
/* End XCConfigurationList section */
	};
	rootObject = 664273F82C603FE500035869 /* Project object */;
}
